
Microsoft Visual Studio Solution File, Format Version 12.00
# Visual Studio Version 16
VisualStudioVersion = 16.0.29001.49
MinimumVisualStudioVersion = 10.0.40219.1
Project("{8BC9CEB8-8B4A-11D0-8D11-00A0C91BC942}") = "DZ2P1", "DZ2P1\DZ2P1.vcxproj", "{523E6539-9B15-47BE-AA47-E49795A48E53}"
EndProject
Global
	GlobalSection(SolutionConfigurationPlatforms) = preSolution
		Debug|x64 = Debug|x64
		Debug|x86 = Debug|x86
		Release|x64 = Release|x64
		Release|x86 = Release|x86
	EndGlobalSection
	GlobalSection(ProjectConfigurationPlatforms) = postSolution
		{523E6539-9B15-47BE-AA47-E49795A48E53}.Debug|x64.ActiveCfg = Debug|x64
		{523E6539-9B15-47BE-AA47-E49795A48E53}.Debug|x64.Build.0 = Debug|x64
		{523E6539-9B15-47BE-AA47-E49795A48E53}.Debug|x86.ActiveCfg = Debug|Win32
		{523E6539-9B15-47BE-AA47-E49795A48E53}.Debug|x86.Build.0 = Debug|Win32
		{523E6539-9B15-47BE-AA47-E49795A48E53}.Release|x64.ActiveCfg = Release|x64
		{523E6539-9B15-47BE-AA47-E49795A48E53}.Release|x64.Build.0 = Release|x64
		{523E6539-9B15-47BE-AA47-E49795A48E53}.Release|x86.ActiveCfg = Release|Win32
		{523E6539-9B15-47BE-AA47-E49795A48E53}.Release|x86.Build.0 = Release|Win32
	EndGlobalSection
	GlobalSection(SolutionProperties) = preSolution
		HideSolutionNode = FALSE
	EndGlobalSection
	GlobalSection(ExtensibilityGlobals) = postSolution
		SolutionGuid = {B72D9257-7E44-4DF3-B75A-3BBA94FC4364}
	EndGlobalSection
EndGlobal
